
Microsoft Visual Studio Solution File, Format Version 12.00
# Visual Studio Version 16
VisualStudioVersion = 16.0.31205.134
MinimumVisualStudioVersion = 10.0.40219.1
Project("{FAE04EC0-301F-11D3-BF4B-00C04F79EFBC}") = "WebApplication5", "WebApplication5\WebApplication5.csproj", "{E469FC3E-C8CC-4DAA-8BDE-4058FE211403}"
EndProject
Global
	GlobalSection(SolutionConfigurationPlatforms) = preSolution
		Debug|Any CPU = Debug|Any CPU
		Release|Any CPU = Release|Any CPU
	EndGlobalSection
	GlobalSection(ProjectConfigurationPlatforms) = postSolution
		{E469FC3E-C8CC-4DAA-8BDE-4058FE211403}.Debug|Any CPU.ActiveCfg = Debug|Any CPU
		{E469FC3E-C8CC-4DAA-8BDE-4058FE211403}.Debug|Any CPU.Build.0 = Debug|Any CPU
		{E469FC3E-C8CC-4DAA-8BDE-4058FE211403}.Release|Any CPU.ActiveCfg = Release|Any CPU
		{E469FC3E-C8CC-4DAA-8BDE-4058FE211403}.Release|Any CPU.Build.0 = Release|Any CPU
	EndGlobalSection
	GlobalSection(SolutionProperties) = preSolution
		HideSolutionNode = FALSE
	EndGlobalSection
	GlobalSection(ExtensibilityGlobals) = postSolution
		SolutionGuid = {5818A9CF-51E0-496C-82BB-96AC539C83AE}
	EndGlobalSection
EndGlobal
